{
  "name": "agent-coordinator",
  "version": "0.1.0",
  "lockfileVersion": 3,
  "requires": true,
  "packages": {
    "": {
      "name": "agent-coordinator",
      "version": "0.1.0",
      "license": "Apache-2.0",
      "workspaces": [
        "packages/*"
      ],
      "devDependencies": {
        "@types/node": "^22.20.4",
        "typescript": "^5.9.2"
      },
      "engines": {
        "node": ">=22.13.0"
      }
    },
    "node_modules/@agent-coordinator/adapter-hermes": {
      "resolved": "packages/adapter-hermes",
      "link": true
    },
    "node_modules/@agent-coordinator/coordinator": {
      "resolved": "packages/coordinator",
      "link": true
    },
    "node_modules/@agent-coordinator/core": {
      "resolved": "packages/core",
      "link": true
    },
    "node_modules/@agent-coordinator/extension-api": {
      "resolved": "packages/extension-api",
      "link": true
    },
    "node_modules/@agent-coordinator/protocol": {
      "resolved": "packages/protocol",
      "link": true
    },
    "node_modules/@agent-coordinator/sandbox": {
      "resolved": "packages/sandbox",
      "link": true
    },
    "node_modules/@agent-coordinator/sandbox-gondolin": {
      "resolved": "packages/sandbox-gondolin",
      "link": true
    },
    "node_modules/@agent-coordinator/transport-telegram": {
      "resolved": "packages/transport-telegram",
      "link": true
    },
    "node_modules/@agent-coordinator/worker-pi": {
      "resolved": "packages/worker-pi",
      "link": true
    },
    "node_modules/@types/node": {
      "version": "22.20.4",
      "resolved": "https://registry.npmjs.org/@types/node/-/node-22.20.4.tgz",
      "integrity": "sha512-zJRE40jpHtKqE/C4fgHrAKQLJuSpzEnP9ff9Y7YtoR3Wd2pwqzlekDeEuUQXjRd+QCYnVnNwuJYmhdk9XV8gvA==",
      "dev": true,
      "license": "MIT",
      "dependencies": {
        "undici-types": "~6.21.0"
      }
    },
    "node_modules/typescript": {
      "version": "5.9.3",
      "resolved": "https://registry.npmjs.org/typescript/-/typescript-5.9.3.tgz",
      "integrity": "sha512-jl1vZzPDinLr9eUt3J/t7V6FgNEw9QjvBPdysz9KfQDD41fQrC2Y4vKQdiaUpFT4bXlb1RHhLpp8wtm6M5TgSw==",
      "dev": true,
      "license": "Apache-2.0",
      "bin": {
        "tsc": "bin/tsc",
        "tsserver": "bin/tsserver"
      },
      "engines": {
        "node": ">=14.17"
      }
    },
    "node_modules/undici-types": {
      "version": "6.21.0",
      "resolved": "https://registry.npmjs.org/undici-types/-/undici-types-6.21.0.tgz",
      "integrity": "sha512-iwDZqg0QAGrg9Rav5H4n0M64c3mkR59cJ6wQp+7C4nI0gsmExaedaYLNO44eT4AtBBwjbTiGPMlt2Md0T9H9JQ==",
      "dev": true,
      "license": "MIT"
    },
    "packages/adapter-hermes": {
      "name": "@agent-coordinator/adapter-hermes",
      "version": "0.1.0"
    },
    "packages/coordinator": {
      "name": "@agent-coordinator/coordinator",
      "version": "0.1.0"
    },
    "packages/core": {
      "name": "@agent-coordinator/core",
      "version": "0.1.0"
    },
    "packages/extension-api": {
      "name": "@agent-coordinator/extension-api",
      "version": "0.1.0"
    },
    "packages/protocol": {
      "name": "@agent-coordinator/protocol",
      "version": "0.1.0"
    },
    "packages/sandbox": {
      "name": "@agent-coordinator/sandbox",
      "version": "0.1.0"
    },
    "packages/sandbox-gondolin": {
      "name": "@agent-coordinator/sandbox-gondolin",
      "version": "0.1.0"
    },
    "packages/transport-telegram": {
      "name": "@agent-coordinator/transport-telegram",
      "version": "0.1.0"
    },
    "packages/worker-pi": {
      "name": "@agent-coordinator/worker-pi",
      "version": "0.1.0"
    }
  }
}
