{
  "name": "agent-coordinator",
  "version": "0.0.0",
  "lockfileVersion": 3,
  "requires": true,
  "packages": {
    "": {
      "name": "agent-coordinator",
      "version": "0.0.0",
      "license": "Apache-2.0",
      "workspaces": [
        "packages/*"
      ],
      "devDependencies": {
        "typescript": "^5.9.2"
      }
    },
    "node_modules/@agent-coordinator/adapter-hermes": {
      "resolved": "packages/adapter-hermes",
      "link": true
    },
    "node_modules/@agent-coordinator/coordinator": {
      "resolved": "packages/coordinator",
      "link": true
    },
    "node_modules/@agent-coordinator/core": {
      "resolved": "packages/core",
      "link": true
    },
    "node_modules/@agent-coordinator/protocol": {
      "resolved": "packages/protocol",
      "link": true
    },
    "node_modules/@agent-coordinator/transport-telegram": {
      "resolved": "packages/transport-telegram",
      "link": true
    },
    "node_modules/@agent-coordinator/worker-pi": {
      "resolved": "packages/worker-pi",
      "link": true
    },
    "node_modules/typescript": {
      "version": "5.9.3",
      "resolved": "https://registry.npmjs.org/typescript/-/typescript-5.9.3.tgz",
      "integrity": "sha512-jl1vZzPDinLr9eUt3J/t7V6FgNEw9QjvBPdysz9KfQDD41fQrC2Y4vKQdiaUpFT4bXlb1RHhLpp8wtm6M5TgSw==",
      "dev": true,
      "license": "Apache-2.0",
      "bin": {
        "tsc": "bin/tsc",
        "tsserver": "bin/tsserver"
      },
      "engines": {
        "node": ">=14.17"
      }
    },
    "packages/adapter-hermes": {
      "name": "@agent-coordinator/adapter-hermes",
      "version": "0.0.0"
    },
    "packages/coordinator": {
      "name": "@agent-coordinator/coordinator",
      "version": "0.0.0"
    },
    "packages/core": {
      "name": "@agent-coordinator/core",
      "version": "0.0.0"
    },
    "packages/protocol": {
      "name": "@agent-coordinator/protocol",
      "version": "0.0.0"
    },
    "packages/transport-telegram": {
      "name": "@agent-coordinator/transport-telegram",
      "version": "0.0.0"
    },
    "packages/worker-pi": {
      "name": "@agent-coordinator/worker-pi",
      "version": "0.0.0"
    }
  }
}
